
Microsoft Visual Studio Solution File, Format Version 12.00
# Visual Studio 15
VisualStudioVersion = 15.0.27004.2009
MinimumVisualStudioVersion = 10.0.40219.1
Project("{FAE04EC0-301F-11D3-BF4B-00C04F79EFBC}") = "L14_Asynchronous_Programming", "L14_Asynchronous_Programming\L14_Asynchronous_Programming.csproj", "{356893B9-B59E-432D-A67F-2615833D52F3}"
EndProject
Global
	GlobalSection(SolutionConfigurationPlatforms) = preSolution
		Debug|Any CPU = Debug|Any CPU
		Release|Any CPU = Release|Any CPU
	EndGlobalSection
	GlobalSection(ProjectConfigurationPlatforms) = postSolution
		{356893B9-B59E-432D-A67F-2615833D52F3}.Debug|Any CPU.ActiveCfg = Debug|Any CPU
		{356893B9-B59E-432D-A67F-2615833D52F3}.Debug|Any CPU.Build.0 = Debug|Any CPU
		{356893B9-B59E-432D-A67F-2615833D52F3}.Release|Any CPU.ActiveCfg = Release|Any CPU
		{356893B9-B59E-432D-A67F-2615833D52F3}.Release|Any CPU.Build.0 = Release|Any CPU
	EndGlobalSection
	GlobalSection(SolutionProperties) = preSolution
		HideSolutionNode = FALSE
	EndGlobalSection
	GlobalSection(ExtensibilityGlobals) = postSolution
		SolutionGuid = {CC199774-7D99-4013-AE8C-3DCDC31FD6DD}
	EndGlobalSection
EndGlobal
