
Microsoft Visual Studio Solution File, Format Version 12.00
# Visual Studio 15
VisualStudioVersion = 15.0.27004.2009
MinimumVisualStudioVersion = 10.0.40219.1
Project("{FAE04EC0-301F-11D3-BF4B-00C04F79EFBC}") = "L9_Extension_Methods", "L9_Extension_Methods\L9_Extension_Methods.csproj", "{7E364966-7E62-4599-8E9C-2F752AC66F51}"
EndProject
Global
	GlobalSection(SolutionConfigurationPlatforms) = preSolution
		Debug|Any CPU = Debug|Any CPU
		Release|Any CPU = Release|Any CPU
	EndGlobalSection
	GlobalSection(ProjectConfigurationPlatforms) = postSolution
		{7E364966-7E62-4599-8E9C-2F752AC66F51}.Debug|Any CPU.ActiveCfg = Debug|Any CPU
		{7E364966-7E62-4599-8E9C-2F752AC66F51}.Debug|Any CPU.Build.0 = Debug|Any CPU
		{7E364966-7E62-4599-8E9C-2F752AC66F51}.Release|Any CPU.ActiveCfg = Release|Any CPU
		{7E364966-7E62-4599-8E9C-2F752AC66F51}.Release|Any CPU.Build.0 = Release|Any CPU
	EndGlobalSection
	GlobalSection(SolutionProperties) = preSolution
		HideSolutionNode = FALSE
	EndGlobalSection
	GlobalSection(ExtensibilityGlobals) = postSolution
		SolutionGuid = {77EA5290-018B-4C9D-A863-78017E8BDF7E}
	EndGlobalSection
EndGlobal
